
Microsoft Visual Studio Solution File, Format Version 12.00
# Visual Studio Version 16
VisualStudioVersion = 16.0.33529.622
MinimumVisualStudioVersion = 10.0.40219.1
Project("{FAE04EC0-301F-11D3-BF4B-00C04F79EFBC}") = "Operators_Assign", "Operators_Assign.csproj", "{2A56C0C2-2A02-460D-8053-8DCD2C1E30D9}"
EndProject
Global
	GlobalSection(SolutionConfigurationPlatforms) = preSolution
		Debug|Any CPU = Debug|Any CPU
		Release|Any CPU = Release|Any CPU
	EndGlobalSection
	GlobalSection(ProjectConfigurationPlatforms) = postSolution
		{2A56C0C2-2A02-460D-8053-8DCD2C1E30D9}.Debug|Any CPU.ActiveCfg = Debug|Any CPU
		{2A56C0C2-2A02-460D-8053-8DCD2C1E30D9}.Debug|Any CPU.Build.0 = Debug|Any CPU
		{2A56C0C2-2A02-460D-8053-8DCD2C1E30D9}.Release|Any CPU.ActiveCfg = Release|Any CPU
		{2A56C0C2-2A02-460D-8053-8DCD2C1E30D9}.Release|Any CPU.Build.0 = Release|Any CPU
	EndGlobalSection
	GlobalSection(SolutionProperties) = preSolution
		HideSolutionNode = FALSE
	EndGlobalSection
	GlobalSection(ExtensibilityGlobals) = postSolution
		SolutionGuid = {535EA45F-F007-4968-A9D3-8904CB2D84FE}
	EndGlobalSection
EndGlobal
